
Microsoft Visual Studio Solution File, Format Version 12.00
# Visual Studio Version 17
VisualStudioVersion = 17.10.35013.160
MinimumVisualStudioVersion = 10.0.40219.1
Project("{FAE04EC0-301F-11D3-BF4B-00C04F79EFBC}") = "PrimeNumber", "PrimeNumber.csproj", "{7A09131C-C16D-4B3C-9FB6-CFB1826849DB}"
EndProject
Global
	GlobalSection(SolutionConfigurationPlatforms) = preSolution
		Debug|Any CPU = Debug|Any CPU
		Release|Any CPU = Release|Any CPU
	EndGlobalSection
	GlobalSection(ProjectConfigurationPlatforms) = postSolution
		{7A09131C-C16D-4B3C-9FB6-CFB1826849DB}.Debug|Any CPU.ActiveCfg = Debug|Any CPU
		{7A09131C-C16D-4B3C-9FB6-CFB1826849DB}.Debug|Any CPU.Build.0 = Debug|Any CPU
		{7A09131C-C16D-4B3C-9FB6-CFB1826849DB}.Release|Any CPU.ActiveCfg = Release|Any CPU
		{7A09131C-C16D-4B3C-9FB6-CFB1826849DB}.Release|Any CPU.Build.0 = Release|Any CPU
	EndGlobalSection
	GlobalSection(SolutionProperties) = preSolution
		HideSolutionNode = FALSE
	EndGlobalSection
	GlobalSection(ExtensibilityGlobals) = postSolution
		SolutionGuid = {F5677AC9-1F14-47BB-B45B-959411A7329C}
	EndGlobalSection
EndGlobal
